{
  "name": "functions_methods",
  "version": "1.0.0",
  "lockfileVersion": 3,
  "requires": true,
  "packages": {
    "": {
      "name": "functions_methods",
      "version": "1.0.0",
      "license": "ISC",
      "dependencies": {
        "functions_methods": "file:"
      }
    },
    "node_modules/functions_methods": {
      "resolved": "",
      "link": true
    }
  }
}
